
Microsoft Visual Studio Solution File, Format Version 12.00
# Visual Studio 15
VisualStudioVersion = 15.0.27703.2047
MinimumVisualStudioVersion = 10.0.40219.1
Project("{FAE04EC0-301F-11D3-BF4B-00C04F79EFBC}") = "AKFishy", "AKFishy\AKFishy.csproj", "{5AA424F7-065C-42B3-A9CA-ED55A53CEB59}"
EndProject
Global
	GlobalSection(SolutionConfigurationPlatforms) = preSolution
		Debug|Any CPU = Debug|Any CPU
		Release|Any CPU = Release|Any CPU
	EndGlobalSection
	GlobalSection(ProjectConfigurationPlatforms) = postSolution
		{5AA424F7-065C-42B3-A9CA-ED55A53CEB59}.Debug|Any CPU.ActiveCfg = Debug|Any CPU
		{5AA424F7-065C-42B3-A9CA-ED55A53CEB59}.Debug|Any CPU.Build.0 = Debug|Any CPU
		{5AA424F7-065C-42B3-A9CA-ED55A53CEB59}.Release|Any CPU.ActiveCfg = Release|Any CPU
		{5AA424F7-065C-42B3-A9CA-ED55A53CEB59}.Release|Any CPU.Build.0 = Release|Any CPU
	EndGlobalSection
	GlobalSection(SolutionProperties) = preSolution
		HideSolutionNode = FALSE
	EndGlobalSection
	GlobalSection(ExtensibilityGlobals) = postSolution
		SolutionGuid = {450BF10D-0DEB-4B74-8EA9-E2F82D6EE118}
	EndGlobalSection
EndGlobal
